// !$*UTF8*$!
{
	archiveVersion = 1;
	classes = {
	};
	objectVersion = 46;
	objects = {

/* Begin PBXBuildFile section */
		D5284BC21E778A7600C4598A /* AppDelegate.swift in Sources */ = {isa = PBXBuildFile; fileRef = D5284BC11E778A7600C4598A /* AppDelegate.swift */; };
		D5284BC71E778A7600C4598A /* Main.storyboard in Resources */ = {isa = PBXBuildFile; fileRef = D5284BC51E778A7600C4598A /* Main.storyboard */; };
		D5284BC91E778A7600C4598A /* Assets.xcassets in Resources */ = {isa = PBXBuildFile; fileRef = D5284BC81E778A7600C4598A /* Assets.xcassets */; };
		D5284BCC1E778A7600C4598A /* LaunchScreen.storyboard in Resources */ = {isa = PBXBuildFile; fileRef = D5284BCA1E778A7600C4598A /* LaunchScreen.storyboard */; };
		D5284BD51E778ADE00C4598A /* CloudKitNotifications.swift in Sources */ = {isa = PBXBuildFile; fileRef = D5284BD41E778ADE00C4598A /* CloudKitNotifications.swift */; };
		D5284BD71E778CE600C4598A /* QandATableViewController.swift in Sources */ = {isa = PBXBuildFile; fileRef = D5284BD61E778CE600C4598A /* QandATableViewController.swift */; };
		D5284BD91E77927500C4598A /* QandAAccessoryDoneTableViewController.swift in Sources */ = {isa = PBXBuildFile; fileRef = D5284BD81E77927500C4598A /* QandAAccessoryDoneTableViewController.swift */; };
		D5284BDB1E7792B200C4598A /* TextTableViewController.swift in Sources */ = {isa = PBXBuildFile; fileRef = D5284BDA1E7792B200C4598A /* TextTableViewController.swift */; };
		D5284BDD1E7793D800C4598A /* CloudQandATableViewController.swift in Sources */ = {isa = PBXBuildFile; fileRef = D5284BDC1E7793D800C4598A /* CloudQandATableViewController.swift */; };
		D5284BE41E77A19400C4598A /* CloudKit.framework in Frameworks */ = {isa = PBXBuildFile; fileRef = D5284BE31E77A19400C4598A /* CloudKit.framework */; };
		D5284BE61E77A2AE00C4598A /* AllQandAsTableViewController.swift in Sources */ = {isa = PBXBuildFile; fileRef = D5284BE51E77A2AE00C4598A /* AllQandAsTableViewController.swift */; };
/* End PBXBuildFile section */

/* Begin PBXFileReference section */
		D5284BBE1E778A7600C4598A /* Pollster.app */ = {isa = PBXFileReference; explicitFileType = wrapper.application; includeInIndex = 0; path = Pollster.app; sourceTree = BUILT_PRODUCTS_DIR; };
		D5284BC11E778A7600C4598A /* AppDelegate.swift */ = {isa = PBXFileReference; lastKnownFileType = sourcecode.swift; path = AppDelegate.swift; sourceTree = "<group>"; };
		D5284BC61E778A7600C4598A /* Base */ = {isa = PBXFileReference; lastKnownFileType = file.storyboard; name = Base; path = Base.lproj/Main.storyboard; sourceTree = "<group>"; };
		D5284BC81E778A7600C4598A /* Assets.xcassets */ = {isa = PBXFileReference; lastKnownFileType = folder.assetcatalog; path = Assets.xcassets; sourceTree = "<group>"; };
		D5284BCB1E778A7600C4598A /* Base */ = {isa = PBXFileReference; lastKnownFileType = file.storyboard; name = Base; path = Base.lproj/LaunchScreen.storyboard; sourceTree = "<group>"; };
		D5284BCD1E778A7600C4598A /* Info.plist */ = {isa = PBXFileReference; lastKnownFileType = text.plist.xml; path = Info.plist; sourceTree = "<group>"; };
		D5284BD41E778ADE00C4598A /* CloudKitNotifications.swift */ = {isa = PBXFileReference; fileEncoding = 4; lastKnownFileType = sourcecode.swift; path = CloudKitNotifications.swift; sourceTree = "<group>"; };
		D5284BD61E778CE600C4598A /* QandATableViewController.swift */ = {isa = PBXFileReference; fileEncoding = 4; lastKnownFileType = sourcecode.swift; path = QandATableViewController.swift; sourceTree = "<group>"; };
		D5284BD81E77927500C4598A /* QandAAccessoryDoneTableViewController.swift */ = {isa = PBXFileReference; fileEncoding = 4; lastKnownFileType = sourcecode.swift; path = QandAAccessoryDoneTableViewController.swift; sourceTree = "<group>"; };
		D5284BDA1E7792B200C4598A /* TextTableViewController.swift */ = {isa = PBXFileReference; fileEncoding = 4; lastKnownFileType = sourcecode.swift; path = TextTableViewController.swift; sourceTree = "<group>"; };
		D5284BDC1E7793D800C4598A /* CloudQandATableViewController.swift */ = {isa = PBXFileReference; fileEncoding = 4; lastKnownFileType = sourcecode.swift; path = CloudQandATableViewController.swift; sourceTree = "<group>"; };
		D5284BE11E77A18200C4598A /* Pollster.entitlements */ = {isa = PBXFileReference; lastKnownFileType = text.plist.entitlements; path = Pollster.entitlements; sourceTree = "<group>"; };
		D5284BE31E77A19400C4598A /* CloudKit.framework */ = {isa = PBXFileReference; lastKnownFileType = wrapper.framework; name = CloudKit.framework; path = System/Library/Frameworks/CloudKit.framework; sourceTree = SDKROOT; };
		D5284BE51E77A2AE00C4598A /* AllQandAsTableViewController.swift */ = {isa = PBXFileReference; fileEncoding = 4; lastKnownFileType = sourcecode.swift; path = AllQandAsTableViewController.swift; sourceTree = "<group>"; };
/* End PBXFileReference section */

/* Begin PBXFrameworksBuildPhase section */
		D5284BBB1E778A7600C4598A /* Frameworks */ = {
			isa = PBXFrameworksBuildPhase;
			buildActionMask = 2147483647;
			files = (
				D5284BE41E77A19400C4598A /* CloudKit.framework in Frameworks */,
			);
			runOnlyForDeploymentPostprocessing = 0;
		};
/* End PBXFrameworksBuildPhase section */

/* Begin PBXGroup section */
		D5284BB51E778A7600C4598A = {
			isa = PBXGroup;
			children = (
				D5284BC01E778A7600C4598A /* Pollster */,
				D5284BBF1E778A7600C4598A /* Products */,
				D5284BE21E77A19400C4598A /* Frameworks */,
			);
			sourceTree = "<group>";
		};
		D5284BBF1E778A7600C4598A /* Products */ = {
			isa = PBXGroup;
			children = (
				D5284BBE1E778A7600C4598A /* Pollster.app */,
			);
			name = Products;
			sourceTree = "<group>";
		};
		D5284BC01E778A7600C4598A /* Pollster */ = {
			isa = PBXGroup;
			children = (
				D5284BE11E77A18200C4598A /* Pollster.entitlements */,
				D5284BC11E778A7600C4598A /* AppDelegate.swift */,
				D5284BC51E778A7600C4598A /* Main.storyboard */,
				D5284BE01E77940800C4598A /* Modal */,
				D5284BDF1E77940000C4598A /* View */,
				D5284BDE1E7793F800C4598A /* Controller */,
				D5284BD31E778A8500C4598A /* Supporting Files */,
			);
			path = Pollster;
			sourceTree = "<group>";
		};
		D5284BD31E778A8500C4598A /* Supporting Files */ = {
			isa = PBXGroup;
			children = (
				D5284BD41E778ADE00C4598A /* CloudKitNotifications.swift */,
				D5284BD81E77927500C4598A /* QandAAccessoryDoneTableViewController.swift */,
				D5284BDA1E7792B200C4598A /* TextTableViewController.swift */,
				D5284BD61E778CE600C4598A /* QandATableViewController.swift */,
				D5284BC81E778A7600C4598A /* Assets.xcassets */,
				D5284BCA1E778A7600C4598A /* LaunchScreen.storyboard */,
				D5284BCD1E778A7600C4598A /* Info.plist */,
			);
			name = "Supporting Files";
			sourceTree = "<group>";
		};
		D5284BDE1E7793F800C4598A /* Controller */ = {
			isa = PBXGroup;
			children = (
				D5284BDC1E7793D800C4598A /* CloudQandATableViewController.swift */,
				D5284BE51E77A2AE00C4598A /* AllQandAsTableViewController.swift */,
			);
			name = Controller;
			sourceTree = "<group>";
		};
		D5284BDF1E77940000C4598A /* View */ = {
			isa = PBXGroup;
			children = (
			);
			name = View;
			sourceTree = "<group>";
		};
		D5284BE01E77940800C4598A /* Modal */ = {
			isa = PBXGroup;
			children = (
			);
			name = Modal;
			sourceTree = "<group>";
		};
		D5284BE21E77A19400C4598A /* Frameworks */ = {
			isa = PBXGroup;
			children = (
				D5284BE31E77A19400C4598A /* CloudKit.framework */,
			);
			name = Frameworks;
			sourceTree = "<group>";
		};
/* End PBXGroup section */

/* Begin PBXNativeTarget section */
		D5284BBD1E778A7600C4598A /* Pollster */ = {
			isa = PBXNativeTarget;
			buildConfigurationList = D5284BD01E778A7600C4598A /* Build configuration list for PBXNativeTarget "Pollster" */;
			buildPhases = (
				D5284BBA1E778A7600C4598A /* Sources */,
				D5284BBB1E778A7600C4598A /* Frameworks */,
				D5284BBC1E778A7600C4598A /* Resources */,
			);
			buildRules = (
			);
			dependencies = (
			);
			name = Pollster;
			productName = Pollster;
			productReference = D5284BBE1E778A7600C4598A /* Pollster.app */;
			productType = "com.apple.product-type.application";
		};
/* End PBXNativeTarget section */

/* Begin PBXProject section */
		D5284BB61E778A7600C4598A /* Project object */ = {
			isa = PBXProject;
			attributes = {
				LastSwiftUpdateCheck = 0820;
				LastUpgradeCheck = 0820;
				ORGANIZATIONNAME = "Younoussa Ousmane Abdou";
				TargetAttributes = {
					D5284BBD1E778A7600C4598A = {
						CreatedOnToolsVersion = 8.2.1;
						DevelopmentTeam = 7HAUD8EZY3;
						LastSwiftMigration = 0820;
						ProvisioningStyle = Automatic;
						SystemCapabilities = {
							com.apple.Push = {
								enabled = 1;
							};
							com.apple.iCloud = {
								enabled = 1;
							};
						};
					};
				};
			};
			buildConfigurationList = D5284BB91E778A7600C4598A /* Build configuration list for PBXProject "Pollster" */;
			compatibilityVersion = "Xcode 3.2";
			developmentRegion = English;
			hasScannedForEncodings = 0;
			knownRegions = (
				en,
				Base,
			);
			mainGroup = D5284BB51E778A7600C4598A;
			productRefGroup = D5284BBF1E778A7600C4598A /* Products */;
			projectDirPath = "";
			projectRoot = "";
			targets = (
				D5284BBD1E778A7600C4598A /* Pollster */,
			);
		};
/* End PBXProject section */

/* Begin PBXResourcesBuildPhase section */
		D5284BBC1E778A7600C4598A /* Resources */ = {
			isa = PBXResourcesBuildPhase;
			buildActionMask = 2147483647;
			files = (
				D5284BCC1E778A7600C4598A /* LaunchScreen.storyboard in Resources */,
				D5284BC91E778A7600C4598A /* Assets.xcassets in Resources */,
				D5284BC71E778A7600C4598A /* Main.storyboard in Resources */,
			);
			runOnlyForDeploymentPostprocessing = 0;
		};
/* End PBXResourcesBuildPhase section */

/* Begin PBXSourcesBuildPhase section */
		D5284BBA1E778A7600C4598A /* Sources */ = {
			isa = PBXSourcesBuildPhase;
			buildActionMask = 2147483647;
			files = (
				D5284BDB1E7792B200C4598A /* TextTableViewController.swift in Sources */,
				D5284BDD1E7793D800C4598A /* CloudQandATableViewController.swift in Sources */,
				D5284BD91E77927500C4598A /* QandAAccessoryDoneTableViewController.swift in Sources */,
				D5284BC21E778A7600C4598A /* AppDelegate.swift in Sources */,
				D5284BD51E778ADE00C4598A /* CloudKitNotifications.swift in Sources */,
				D5284BE61E77A2AE00C4598A /* AllQandAsTableViewController.swift in Sources */,
				D5284BD71E778CE600C4598A /* QandATableViewController.swift in Sources */,
			);
			runOnlyForDeploymentPostprocessing = 0;
		};
/* End PBXSourcesBuildPhase section */

/* Begin PBXVariantGroup section */
		D5284BC51E778A7600C4598A /* Main.storyboard */ = {
			isa = PBXVariantGroup;
			children = (
				D5284BC61E778A7600C4598A /* Base */,
			);
			name = Main.storyboard;
			sourceTree = "<group>";
		};
		D5284BCA1E778A7600C4598A /* LaunchScreen.storyboard */ = {
			isa = PBXVariantGroup;
			children = (
				D5284BCB1E778A7600C4598A /* Base */,
			);
			name = LaunchScreen.storyboard;
			sourceTree = "<group>";
		};
/* End PBXVariantGroup section */

/* Begin XCBuildConfiguration section */
		D5284BCE1E778A7600C4598A /* Debug */ = {
			isa = XCBuildConfiguration;
			buildSettings = {
				ALWAYS_SEARCH_USER_PATHS = NO;
				CLANG_ANALYZER_NONNULL = YES;
				CLANG_CXX_LANGUAGE_STANDARD = "gnu++0x";
				CLANG_CXX_LIBRARY = "libc++";
				CLANG_ENABLE_MODULES = YES;
				CLANG_ENABLE_OBJC_ARC = YES;
				CLANG_WARN_BOOL_CONVERSION = YES;
				CLANG_WARN_CONSTANT_CONVERSION = YES;
				CLANG_WARN_DIRECT_OBJC_ISA_USAGE = YES_ERROR;
				CLANG_WARN_DOCUMENTATION_COMMENTS = YES;
				CLANG_WARN_EMPTY_BODY = YES;
				CLANG_WARN_ENUM_CONVERSION = YES;
				CLANG_WARN_INFINITE_RECURSION = YES;
				CLANG_WARN_INT_CONVERSION = YES;
				CLANG_WARN_OBJC_ROOT_CLASS = YES_ERROR;
				CLANG_WARN_SUSPICIOUS_MOVE = YES;
				CLANG_WARN_UNREACHABLE_CODE = YES;
				CLANG_WARN__DUPLICATE_METHOD_MATCH = YES;
				"CODE_SIGN_IDENTITY[sdk=iphoneos*]" = "iPhone Developer";
				COPY_PHASE_STRIP = NO;
				DEBUG_INFORMATION_FORMAT = dwarf;
				ENABLE_STRICT_OBJC_MSGSEND = YES;
				ENABLE_TESTABILITY = YES;
				GCC_C_LANGUAGE_STANDARD = gnu99;
				GCC_DYNAMIC_NO_PIC = NO;
				GCC_NO_COMMON_BLOCKS = YES;
				GCC_OPTIMIZATION_LEVEL = 0;
				GCC_PREPROCESSOR_DEFINITIONS = (
					"DEBUG=1",
					"$(inherited)",
				);
				GCC_WARN_64_TO_32_BIT_CONVERSION = YES;
				GCC_WARN_ABOUT_RETURN_TYPE = YES_ERROR;
				GCC_WARN_UNDECLARED_SELECTOR = YES;
				GCC_WARN_UNINITIALIZED_AUTOS = YES_AGGRESSIVE;
				GCC_WARN_UNUSED_FUNCTION = YES;
				GCC_WARN_UNUSED_VARIABLE = YES;
				IPHONEOS_DEPLOYMENT_TARGET = 10.2;
				MTL_ENABLE_DEBUG_INFO = YES;
				ONLY_ACTIVE_ARCH = YES;
				SDKROOT = iphoneos;
				SWIFT_ACTIVE_COMPILATION_CONDITIONS = DEBUG;
				SWIFT_OPTIMIZATION_LEVEL = "-Onone";
				TARGETED_DEVICE_FAMILY = "1,2";
			};
			name = Debug;
		};
		D5284BCF1E778A7600C4598A /* Release */ = {
			isa = XCBuildConfiguration;
			buildSettings = {
				ALWAYS_SEARCH_USER_PATHS = NO;
				CLANG_ANALYZER_NONNULL = YES;
				CLANG_CXX_LANGUAGE_STANDARD = "gnu++0x";
				CLANG_CXX_LIBRARY = "libc++";
				CLANG_ENABLE_MODULES = YES;
				CLANG_ENABLE_OBJC_ARC = YES;
				CLANG_WARN_BOOL_CONVERSION = YES;
				CLANG_WARN_CONSTANT_CONVERSION = YES;
				CLANG_WARN_DIRECT_OBJC_ISA_USAGE = YES_ERROR;
				CLANG_WARN_DOCUMENTATION_COMMENTS = YES;
				CLANG_WARN_EMPTY_BODY = YES;
				CLANG_WARN_ENUM_CONVERSION = YES;
				CLANG_WARN_INFINITE_RECURSION = YES;
				CLANG_WARN_INT_CONVERSION = YES;
				CLANG_WARN_OBJC_ROOT_CLASS = YES_ERROR;
				CLANG_WARN_SUSPICIOUS_MOVE = YES;
				CLANG_WARN_UNREACHABLE_CODE = YES;
				CLANG_WARN__DUPLICATE_METHOD_MATCH = YES;
				"CODE_SIGN_IDENTITY[sdk=iphoneos*]" = "iPhone Developer";
				COPY_PHASE_STRIP = NO;
				DEBUG_INFORMATION_FORMAT = "dwarf-with-dsym";
				ENABLE_NS_ASSERTIONS = NO;
				ENABLE_STRICT_OBJC_MSGSEND = YES;
				GCC_C_LANGUAGE_STANDARD = gnu99;
				GCC_NO_COMMON_BLOCKS = YES;
				GCC_WARN_64_TO_32_BIT_CONVERSION = YES;
				GCC_WARN_ABOUT_RETURN_TYPE = YES_ERROR;
				GCC_WARN_UNDECLARED_SELECTOR = YES;
				GCC_WARN_UNINITIALIZED_AUTOS = YES_AGGRESSIVE;
				GCC_WARN_UNUSED_FUNCTION = YES;
				GCC_WARN_UNUSED_VARIABLE = YES;
				IPHONEOS_DEPLOYMENT_TARGET = 10.2;
				MTL_ENABLE_DEBUG_INFO = NO;
				SDKROOT = iphoneos;
				SWIFT_OPTIMIZATION_LEVEL = "-Owholemodule";
				TARGETED_DEVICE_FAMILY = "1,2";
				VALIDATE_PRODUCT = YES;
			};
			name = Release;
		};
		D5284BD11E778A7600C4598A /* Debug */ = {
			isa = XCBuildConfiguration;
			buildSettings = {
				ASSETCATALOG_COMPILER_APPICON_NAME = AppIcon;
				CODE_SIGN_ENTITLEMENTS = Pollster/Pollster.entitlements;
				DEVELOPMENT_TEAM = 7HAUD8EZY3;
				INFOPLIST_FILE = Pollster/Info.plist;
				LD_RUNPATH_SEARCH_PATHS = "$(inherited) @executable_path/Frameworks";
				PRODUCT_BUNDLE_IDENTIFIER = com.yuso.Pollster;
				PRODUCT_NAME = "$(TARGET_NAME)";
				SWIFT_VERSION = 3.0;
			};
			name = Debug;
		};
		D5284BD21E778A7600C4598A /* Release */ = {
			isa = XCBuildConfiguration;
			buildSettings = {
				ASSETCATALOG_COMPILER_APPICON_NAME = AppIcon;
				CODE_SIGN_ENTITLEMENTS = Pollster/Pollster.entitlements;
				DEVELOPMENT_TEAM = 7HAUD8EZY3;
				INFOPLIST_FILE = Pollster/Info.plist;
				LD_RUNPATH_SEARCH_PATHS = "$(inherited) @executable_path/Frameworks";
				PRODUCT_BUNDLE_IDENTIFIER = com.yuso.Pollster;
				PRODUCT_NAME = "$(TARGET_NAME)";
				SWIFT_VERSION = 3.0;
			};
			name = Release;
		};
/* End XCBuildConfiguration section */

/* Begin XCConfigurationList section */
		D5284BB91E778A7600C4598A /* Build configuration list for PBXProject "Pollster" */ = {
			isa = XCConfigurationList;
			buildConfigurations = (
				D5284BCE1E778A7600C4598A /* Debug */,
				D5284BCF1E778A7600C4598A /* Release */,
			);
			defaultConfigurationIsVisible = 0;
			defaultConfigurationName = Release;
		};
		D5284BD01E778A7600C4598A /* Build configuration list for PBXNativeTarget "Pollster" */ = {
			isa = XCConfigurationList;
			buildConfigurations = (
				D5284BD11E778A7600C4598A /* Debug */,
				D5284BD21E778A7600C4598A /* Release */,
			);
			defaultConfigurationIsVisible = 0;
		};
/* End XCConfigurationList section */
	};
	rootObject = D5284BB61E778A7600C4598A /* Project object */;
}
